
Microsoft Visual Studio Solution File, Format Version 12.00
# Visual Studio Version 16
VisualStudioVersion = 16.0.29503.13
MinimumVisualStudioVersion = 10.0.40219.1
Project("{FAE04EC0-301F-11D3-BF4B-00C04F79EFBC}") = "IRF_Projekt_XK5TER", "IRF_Projekt_XK5TER\IRF_Projekt_XK5TER.csproj", "{54202ABE-DBF3-453A-AB6E-97A034CD4573}"
EndProject
Global
	GlobalSection(SolutionConfigurationPlatforms) = preSolution
		Debug|Any CPU = Debug|Any CPU
		Release|Any CPU = Release|Any CPU
	EndGlobalSection
	GlobalSection(ProjectConfigurationPlatforms) = postSolution
		{54202ABE-DBF3-453A-AB6E-97A034CD4573}.Debug|Any CPU.ActiveCfg = Debug|Any CPU
		{54202ABE-DBF3-453A-AB6E-97A034CD4573}.Debug|Any CPU.Build.0 = Debug|Any CPU
		{54202ABE-DBF3-453A-AB6E-97A034CD4573}.Release|Any CPU.ActiveCfg = Release|Any CPU
		{54202ABE-DBF3-453A-AB6E-97A034CD4573}.Release|Any CPU.Build.0 = Release|Any CPU
	EndGlobalSection
	GlobalSection(SolutionProperties) = preSolution
		HideSolutionNode = FALSE
	EndGlobalSection
	GlobalSection(ExtensibilityGlobals) = postSolution
		SolutionGuid = {EDEC5126-3EB6-4D5D-A4D5-AC92F19729AD}
	EndGlobalSection
EndGlobal
